
Microsoft Visual Studio Solution File, Format Version 12.00
# Visual Studio Version 16
VisualStudioVersion = 16.0.32106.194
MinimumVisualStudioVersion = 10.0.40219.1
Project("{FAE04EC0-301F-11D3-BF4B-00C04F79EFBC}") = "Hearthstone Card Database Creator", "Hearthstone Card Database Creator.csproj", "{083B5C0A-4590-4D84-9A51-CADAF0D3FBAF}"
EndProject
Global
	GlobalSection(SolutionConfigurationPlatforms) = preSolution
		Debug|Any CPU = Debug|Any CPU
		Release|Any CPU = Release|Any CPU
	EndGlobalSection
	GlobalSection(ProjectConfigurationPlatforms) = postSolution
		{083B5C0A-4590-4D84-9A51-CADAF0D3FBAF}.Debug|Any CPU.ActiveCfg = Debug|Any CPU
		{083B5C0A-4590-4D84-9A51-CADAF0D3FBAF}.Debug|Any CPU.Build.0 = Debug|Any CPU
		{083B5C0A-4590-4D84-9A51-CADAF0D3FBAF}.Release|Any CPU.ActiveCfg = Release|Any CPU
		{083B5C0A-4590-4D84-9A51-CADAF0D3FBAF}.Release|Any CPU.Build.0 = Release|Any CPU
	EndGlobalSection
	GlobalSection(SolutionProperties) = preSolution
		HideSolutionNode = FALSE
	EndGlobalSection
	GlobalSection(ExtensibilityGlobals) = postSolution
		SolutionGuid = {76827503-978D-497D-B612-9B91BD7EB211}
	EndGlobalSection
EndGlobal
